
Microsoft Visual Studio Solution File, Format Version 12.00
# Visual Studio Version 17
VisualStudioVersion = 17.9.34607.119
MinimumVisualStudioVersion = 10.0.40219.1
Project("{FAE04EC0-301F-11D3-BF4B-00C04F79EFBC}") = "Crypto", "Crypto\Crypto.csproj", "{67155835-BEF4-4EC3-A991-B6B8D3116625}"
EndProject
Global
	GlobalSection(SolutionConfigurationPlatforms) = preSolution
		Debug|Any CPU = Debug|Any CPU
		Release|Any CPU = Release|Any CPU
	EndGlobalSection
	GlobalSection(ProjectConfigurationPlatforms) = postSolution
		{67155835-BEF4-4EC3-A991-B6B8D3116625}.Debug|Any CPU.ActiveCfg = Debug|Any CPU
		{67155835-BEF4-4EC3-A991-B6B8D3116625}.Debug|Any CPU.Build.0 = Debug|Any CPU
		{67155835-BEF4-4EC3-A991-B6B8D3116625}.Release|Any CPU.ActiveCfg = Release|Any CPU
		{67155835-BEF4-4EC3-A991-B6B8D3116625}.Release|Any CPU.Build.0 = Release|Any CPU
	EndGlobalSection
	GlobalSection(SolutionProperties) = preSolution
		HideSolutionNode = FALSE
	EndGlobalSection
	GlobalSection(ExtensibilityGlobals) = postSolution
		SolutionGuid = {6423DF75-5427-47FC-84F9-D2F39B9B18C3}
	EndGlobalSection
EndGlobal
